
Microsoft Visual Studio Solution File, Format Version 12.00
# Visual Studio Version 17
VisualStudioVersion = 17.0.31912.275
MinimumVisualStudioVersion = 10.0.40219.1
Project("{FAE04EC0-301F-11D3-BF4B-00C04F79EFBC}") = "WebProject1", "WebProject1\WebProject1.csproj", "{BA9FF4EE-CFD3-46A6-BFDA-30E8049A4C05}"
EndProject
Global
	GlobalSection(SolutionConfigurationPlatforms) = preSolution
		Debug|Any CPU = Debug|Any CPU
		Release|Any CPU = Release|Any CPU
	EndGlobalSection
	GlobalSection(ProjectConfigurationPlatforms) = postSolution
		{BA9FF4EE-CFD3-46A6-BFDA-30E8049A4C05}.Debug|Any CPU.ActiveCfg = Debug|Any CPU
		{BA9FF4EE-CFD3-46A6-BFDA-30E8049A4C05}.Debug|Any CPU.Build.0 = Debug|Any CPU
		{BA9FF4EE-CFD3-46A6-BFDA-30E8049A4C05}.Release|Any CPU.ActiveCfg = Release|Any CPU
		{BA9FF4EE-CFD3-46A6-BFDA-30E8049A4C05}.Release|Any CPU.Build.0 = Release|Any CPU
	EndGlobalSection
	GlobalSection(SolutionProperties) = preSolution
		HideSolutionNode = FALSE
	EndGlobalSection
	GlobalSection(ExtensibilityGlobals) = postSolution
		SolutionGuid = {FA8967A0-22E6-4F42-8430-5FED25353958}
	EndGlobalSection
EndGlobal
